// !$*UTF8*$!
{
	archiveVersion = 1;
	classes = {
	};
	objectVersion = 52;
	objects = {

/* Begin PBXBuildFile section */
		3206550E24F63B4A00FDAE67 /* AppDelegate.swift in Sources */ = {isa = PBXBuildFile; fileRef = 3206550D24F63B4A00FDAE67 /* AppDelegate.swift */; };
		3206551024F63B4A00FDAE67 /* SceneDelegate.swift in Sources */ = {isa = PBXBuildFile; fileRef = 3206550F24F63B4A00FDAE67 /* SceneDelegate.swift */; };
		3206551224F63B4A00FDAE67 /* MasterViewController.swift in Sources */ = {isa = PBXBuildFile; fileRef = 3206551124F63B4A00FDAE67 /* MasterViewController.swift */; };
		3206551424F63B4A00FDAE67 /* DetailViewController.swift in Sources */ = {isa = PBXBuildFile; fileRef = 3206551324F63B4A00FDAE67 /* DetailViewController.swift */; };
		3206551724F63B4A00FDAE67 /* Main.storyboard in Resources */ = {isa = PBXBuildFile; fileRef = 3206551524F63B4A00FDAE67 /* Main.storyboard */; };
		3206551924F63B4A00FDAE67 /* Assets.xcassets in Resources */ = {isa = PBXBuildFile; fileRef = 3206551824F63B4A00FDAE67 /* Assets.xcassets */; };
		3206551C24F63B4A00FDAE67 /* LaunchScreen.storyboard in Resources */ = {isa = PBXBuildFile; fileRef = 3206551A24F63B4A00FDAE67 /* LaunchScreen.storyboard */; };
		3206552724F63B4B00FDAE67 /* RocketReserverTests.swift in Sources */ = {isa = PBXBuildFile; fileRef = 3206552624F63B4B00FDAE67 /* RocketReserverTests.swift */; };
		3206553224F63B4B00FDAE67 /* RocketReserverUITests.swift in Sources */ = {isa = PBXBuildFile; fileRef = 3206553124F63B4B00FDAE67 /* RocketReserverUITests.swift */; };
		3206554124F63BFA00FDAE67 /* Apollo in Frameworks */ = {isa = PBXBuildFile; productRef = 3206554024F63BFA00FDAE67 /* Apollo */; };
		3206554324F63BFA00FDAE67 /* ApolloWebSocket in Frameworks */ = {isa = PBXBuildFile; productRef = 3206554224F63BFA00FDAE67 /* ApolloWebSocket */; };
		3206554A24F640E400FDAE67 /* API.swift in Sources */ = {isa = PBXBuildFile; fileRef = 3206554924F640E400FDAE67 /* API.swift */; };
		3206554C24F6416100FDAE67 /* Network.swift in Sources */ = {isa = PBXBuildFile; fileRef = 3206554B24F6416100FDAE67 /* Network.swift */; };
		3206554F24F6467A00FDAE67 /* SDWebImage in Frameworks */ = {isa = PBXBuildFile; productRef = 3206554E24F6467A00FDAE67 /* SDWebImage */; };
		3206555324F65AE800FDAE67 /* KeychainSwift in Frameworks */ = {isa = PBXBuildFile; productRef = 3206555224F65AE800FDAE67 /* KeychainSwift */; };
		3206555724F65BD700FDAE67 /* LoginViewController.swift in Sources */ = {isa = PBXBuildFile; fileRef = 3206555624F65BD700FDAE67 /* LoginViewController.swift */; };
/* End PBXBuildFile section */

/* Begin PBXContainerItemProxy section */
		3206552324F63B4B00FDAE67 /* PBXContainerItemProxy */ = {
			isa = PBXContainerItemProxy;
			containerPortal = 3206550224F63B4A00FDAE67 /* Project object */;
			proxyType = 1;
			remoteGlobalIDString = 3206550924F63B4A00FDAE67;
			remoteInfo = RocketReserver;
		};
		3206552E24F63B4B00FDAE67 /* PBXContainerItemProxy */ = {
			isa = PBXContainerItemProxy;
			containerPortal = 3206550224F63B4A00FDAE67 /* Project object */;
			proxyType = 1;
			remoteGlobalIDString = 3206550924F63B4A00FDAE67;
			remoteInfo = RocketReserver;
		};
/* End PBXContainerItemProxy section */

/* Begin PBXFileReference section */
		3206550A24F63B4A00FDAE67 /* RocketReserver.app */ = {isa = PBXFileReference; explicitFileType = wrapper.application; includeInIndex = 0; path = RocketReserver.app; sourceTree = BUILT_PRODUCTS_DIR; };
		3206550D24F63B4A00FDAE67 /* AppDelegate.swift */ = {isa = PBXFileReference; lastKnownFileType = sourcecode.swift; path = AppDelegate.swift; sourceTree = "<group>"; };
		3206550F24F63B4A00FDAE67 /* SceneDelegate.swift */ = {isa = PBXFileReference; lastKnownFileType = sourcecode.swift; path = SceneDelegate.swift; sourceTree = "<group>"; };
		3206551124F63B4A00FDAE67 /* MasterViewController.swift */ = {isa = PBXFileReference; lastKnownFileType = sourcecode.swift; path = MasterViewController.swift; sourceTree = "<group>"; };
		3206551324F63B4A00FDAE67 /* DetailViewController.swift */ = {isa = PBXFileReference; lastKnownFileType = sourcecode.swift; path = DetailViewController.swift; sourceTree = "<group>"; };
		3206551624F63B4A00FDAE67 /* Base */ = {isa = PBXFileReference; lastKnownFileType = file.storyboard; name = Base; path = Base.lproj/Main.storyboard; sourceTree = "<group>"; };
		3206551824F63B4A00FDAE67 /* Assets.xcassets */ = {isa = PBXFileReference; lastKnownFileType = folder.assetcatalog; path = Assets.xcassets; sourceTree = "<group>"; };
		3206551B24F63B4A00FDAE67 /* Base */ = {isa = PBXFileReference; lastKnownFileType = file.storyboard; name = Base; path = Base.lproj/LaunchScreen.storyboard; sourceTree = "<group>"; };
		3206551D24F63B4A00FDAE67 /* Info.plist */ = {isa = PBXFileReference; lastKnownFileType = text.plist.xml; path = Info.plist; sourceTree = "<group>"; };
		3206552224F63B4B00FDAE67 /* RocketReserverTests.xctest */ = {isa = PBXFileReference; explicitFileType = wrapper.cfbundle; includeInIndex = 0; path = RocketReserverTests.xctest; sourceTree = BUILT_PRODUCTS_DIR; };
		3206552624F63B4B00FDAE67 /* RocketReserverTests.swift */ = {isa = PBXFileReference; lastKnownFileType = sourcecode.swift; path = RocketReserverTests.swift; sourceTree = "<group>"; };
		3206552824F63B4B00FDAE67 /* Info.plist */ = {isa = PBXFileReference; lastKnownFileType = text.plist.xml; path = Info.plist; sourceTree = "<group>"; };
		3206552D24F63B4B00FDAE67 /* RocketReserverUITests.xctest */ = {isa = PBXFileReference; explicitFileType = wrapper.cfbundle; includeInIndex = 0; path = RocketReserverUITests.xctest; sourceTree = BUILT_PRODUCTS_DIR; };
		3206553124F63B4B00FDAE67 /* RocketReserverUITests.swift */ = {isa = PBXFileReference; lastKnownFileType = sourcecode.swift; path = RocketReserverUITests.swift; sourceTree = "<group>"; };
		3206553324F63B4B00FDAE67 /* Info.plist */ = {isa = PBXFileReference; lastKnownFileType = text.plist.xml; path = Info.plist; sourceTree = "<group>"; };
		3206554724F63CEA00FDAE67 /* schema.json */ = {isa = PBXFileReference; lastKnownFileType = text.json; path = schema.json; sourceTree = "<group>"; };
		3206554824F640A700FDAE67 /* LaunchList.graphql */ = {isa = PBXFileReference; lastKnownFileType = text; path = LaunchList.graphql; sourceTree = "<group>"; };
		3206554924F640E400FDAE67 /* API.swift */ = {isa = PBXFileReference; fileEncoding = 4; lastKnownFileType = sourcecode.swift; path = API.swift; sourceTree = "<group>"; };
		3206554B24F6416100FDAE67 /* Network.swift */ = {isa = PBXFileReference; lastKnownFileType = sourcecode.swift; path = Network.swift; sourceTree = "<group>"; };
		3206555024F6517D00FDAE67 /* LaunchDetails.graphql */ = {isa = PBXFileReference; lastKnownFileType = text; path = LaunchDetails.graphql; sourceTree = "<group>"; };
		3206555424F65BBD00FDAE67 /* Login.graphql */ = {isa = PBXFileReference; lastKnownFileType = text; path = Login.graphql; sourceTree = "<group>"; };
		3206555624F65BD700FDAE67 /* LoginViewController.swift */ = {isa = PBXFileReference; lastKnownFileType = sourcecode.swift; path = LoginViewController.swift; sourceTree = "<group>"; };
/* End PBXFileReference section */

/* Begin PBXFrameworksBuildPhase section */
		3206550724F63B4A00FDAE67 /* Frameworks */ = {
			isa = PBXFrameworksBuildPhase;
			buildActionMask = 2147483647;
			files = (
				3206554F24F6467A00FDAE67 /* SDWebImage in Frameworks */,
				3206554124F63BFA00FDAE67 /* Apollo in Frameworks */,
				3206555324F65AE800FDAE67 /* KeychainSwift in Frameworks */,
				3206554324F63BFA00FDAE67 /* ApolloWebSocket in Frameworks */,
			);
			runOnlyForDeploymentPostprocessing = 0;
		};
		3206551F24F63B4B00FDAE67 /* Frameworks */ = {
			isa = PBXFrameworksBuildPhase;
			buildActionMask = 2147483647;
			files = (
			);
			runOnlyForDeploymentPostprocessing = 0;
		};
		3206552A24F63B4B00FDAE67 /* Frameworks */ = {
			isa = PBXFrameworksBuildPhase;
			buildActionMask = 2147483647;
			files = (
			);
			runOnlyForDeploymentPostprocessing = 0;
		};
/* End PBXFrameworksBuildPhase section */

/* Begin PBXGroup section */
		3206550124F63B4A00FDAE67 = {
			isa = PBXGroup;
			children = (
				3206550C24F63B4A00FDAE67 /* RocketReserver */,
				3206552524F63B4B00FDAE67 /* RocketReserverTests */,
				3206553024F63B4B00FDAE67 /* RocketReserverUITests */,
				3206550B24F63B4A00FDAE67 /* Products */,
			);
			sourceTree = "<group>";
		};
		3206550B24F63B4A00FDAE67 /* Products */ = {
			isa = PBXGroup;
			children = (
				3206550A24F63B4A00FDAE67 /* RocketReserver.app */,
				3206552224F63B4B00FDAE67 /* RocketReserverTests.xctest */,
				3206552D24F63B4B00FDAE67 /* RocketReserverUITests.xctest */,
			);
			name = Products;
			sourceTree = "<group>";
		};
		3206550C24F63B4A00FDAE67 /* RocketReserver */ = {
			isa = PBXGroup;
			children = (
				3206554924F640E400FDAE67 /* API.swift */,
				3206554824F640A700FDAE67 /* LaunchList.graphql */,
				3206555024F6517D00FDAE67 /* LaunchDetails.graphql */,
				3206554724F63CEA00FDAE67 /* schema.json */,
				3206550D24F63B4A00FDAE67 /* AppDelegate.swift */,
				3206550F24F63B4A00FDAE67 /* SceneDelegate.swift */,
				3206551124F63B4A00FDAE67 /* MasterViewController.swift */,
				3206551324F63B4A00FDAE67 /* DetailViewController.swift */,
				3206555624F65BD700FDAE67 /* LoginViewController.swift */,
				3206551524F63B4A00FDAE67 /* Main.storyboard */,
				3206551824F63B4A00FDAE67 /* Assets.xcassets */,
				3206551A24F63B4A00FDAE67 /* LaunchScreen.storyboard */,
				3206551D24F63B4A00FDAE67 /* Info.plist */,
				3206554B24F6416100FDAE67 /* Network.swift */,
				3206555424F65BBD00FDAE67 /* Login.graphql */,
			);
			path = RocketReserver;
			sourceTree = "<group>";
		};
		3206552524F63B4B00FDAE67 /* RocketReserverTests */ = {
			isa = PBXGroup;
			children = (
				3206552624F63B4B00FDAE67 /* RocketReserverTests.swift */,
				3206552824F63B4B00FDAE67 /* Info.plist */,
			);
			path = RocketReserverTests;
			sourceTree = "<group>";
		};
		3206553024F63B4B00FDAE67 /* RocketReserverUITests */ = {
			isa = PBXGroup;
			children = (
				3206553124F63B4B00FDAE67 /* RocketReserverUITests.swift */,
				3206553324F63B4B00FDAE67 /* Info.plist */,
			);
			path = RocketReserverUITests;
			sourceTree = "<group>";
		};
/* End PBXGroup section */

/* Begin PBXNativeTarget section */
		3206550924F63B4A00FDAE67 /* RocketReserver */ = {
			isa = PBXNativeTarget;
			buildConfigurationList = 3206553624F63B4B00FDAE67 /* Build configuration list for PBXNativeTarget "RocketReserver" */;
			buildPhases = (
				3206554424F63C2C00FDAE67 /* Apollo CLI */,
				3206550624F63B4A00FDAE67 /* Sources */,
				3206550724F63B4A00FDAE67 /* Frameworks */,
				3206550824F63B4A00FDAE67 /* Resources */,
			);
			buildRules = (
			);
			dependencies = (
			);
			name = RocketReserver;
			packageProductDependencies = (
				3206554024F63BFA00FDAE67 /* Apollo */,
				3206554224F63BFA00FDAE67 /* ApolloWebSocket */,
				3206554E24F6467A00FDAE67 /* SDWebImage */,
				3206555224F65AE800FDAE67 /* KeychainSwift */,
			);
			productName = RocketReserver;
			productReference = 3206550A24F63B4A00FDAE67 /* RocketReserver.app */;
			productType = "com.apple.product-type.application";
		};
		3206552124F63B4B00FDAE67 /* RocketReserverTests */ = {
			isa = PBXNativeTarget;
			buildConfigurationList = 3206553924F63B4B00FDAE67 /* Build configuration list for PBXNativeTarget "RocketReserverTests" */;
			buildPhases = (
				3206551E24F63B4B00FDAE67 /* Sources */,
				3206551F24F63B4B00FDAE67 /* Frameworks */,
				3206552024F63B4B00FDAE67 /* Resources */,
			);
			buildRules = (
			);
			dependencies = (
				3206552424F63B4B00FDAE67 /* PBXTargetDependency */,
			);
			name = RocketReserverTests;
			productName = RocketReserverTests;
			productReference = 3206552224F63B4B00FDAE67 /* RocketReserverTests.xctest */;
			productType = "com.apple.product-type.bundle.unit-test";
		};
		3206552C24F63B4B00FDAE67 /* RocketReserverUITests */ = {
			isa = PBXNativeTarget;
			buildConfigurationList = 3206553C24F63B4B00FDAE67 /* Build configuration list for PBXNativeTarget "RocketReserverUITests" */;
			buildPhases = (
				3206552924F63B4B00FDAE67 /* Sources */,
				3206552A24F63B4B00FDAE67 /* Frameworks */,
				3206552B24F63B4B00FDAE67 /* Resources */,
			);
			buildRules = (
			);
			dependencies = (
				3206552F24F63B4B00FDAE67 /* PBXTargetDependency */,
			);
			name = RocketReserverUITests;
			productName = RocketReserverUITests;
			productReference = 3206552D24F63B4B00FDAE67 /* RocketReserverUITests.xctest */;
			productType = "com.apple.product-type.bundle.ui-testing";
		};
/* End PBXNativeTarget section */

/* Begin PBXProject section */
		3206550224F63B4A00FDAE67 /* Project object */ = {
			isa = PBXProject;
			attributes = {
				LastSwiftUpdateCheck = 1160;
				LastUpgradeCheck = 1160;
				ORGANIZATIONNAME = RocketReserver;
				TargetAttributes = {
					3206550924F63B4A00FDAE67 = {
						CreatedOnToolsVersion = 11.6;
					};
					3206552124F63B4B00FDAE67 = {
						CreatedOnToolsVersion = 11.6;
						TestTargetID = 3206550924F63B4A00FDAE67;
					};
					3206552C24F63B4B00FDAE67 = {
						CreatedOnToolsVersion = 11.6;
						TestTargetID = 3206550924F63B4A00FDAE67;
					};
				};
			};
			buildConfigurationList = 3206550524F63B4A00FDAE67 /* Build configuration list for PBXProject "RocketReserver" */;
			compatibilityVersion = "Xcode 9.3";
			developmentRegion = en;
			hasScannedForEncodings = 0;
			knownRegions = (
				en,
				Base,
			);
			mainGroup = 3206550124F63B4A00FDAE67;
			packageReferences = (
				3206553F24F63BFA00FDAE67 /* XCRemoteSwiftPackageReference "apollo-ios" */,
				3206554D24F6467A00FDAE67 /* XCRemoteSwiftPackageReference "SDWebImage" */,
				3206555124F65AE800FDAE67 /* XCRemoteSwiftPackageReference "keychain-swift" */,
			);
			productRefGroup = 3206550B24F63B4A00FDAE67 /* Products */;
			projectDirPath = "";
			projectRoot = "";
			targets = (
				3206550924F63B4A00FDAE67 /* RocketReserver */,
				3206552124F63B4B00FDAE67 /* RocketReserverTests */,
				3206552C24F63B4B00FDAE67 /* RocketReserverUITests */,
			);
		};
/* End PBXProject section */

/* Begin PBXResourcesBuildPhase section */
		3206550824F63B4A00FDAE67 /* Resources */ = {
			isa = PBXResourcesBuildPhase;
			buildActionMask = 2147483647;
			files = (
				3206551C24F63B4A00FDAE67 /* LaunchScreen.storyboard in Resources */,
				3206551924F63B4A00FDAE67 /* Assets.xcassets in Resources */,
				3206551724F63B4A00FDAE67 /* Main.storyboard in Resources */,
			);
			runOnlyForDeploymentPostprocessing = 0;
		};
		3206552024F63B4B00FDAE67 /* Resources */ = {
			isa = PBXResourcesBuildPhase;
			buildActionMask = 2147483647;
			files = (
			);
			runOnlyForDeploymentPostprocessing = 0;
		};
		3206552B24F63B4B00FDAE67 /* Resources */ = {
			isa = PBXResourcesBuildPhase;
			buildActionMask = 2147483647;
			files = (
			);
			runOnlyForDeploymentPostprocessing = 0;
		};
/* End PBXResourcesBuildPhase section */

/* Begin PBXShellScriptBuildPhase section */
		3206554424F63C2C00FDAE67 /* Apollo CLI */ = {
			isa = PBXShellScriptBuildPhase;
			buildActionMask = 2147483647;
			files = (
			);
			inputFileListPaths = (
			);
			inputPaths = (
			);
			name = "Apollo CLI";
			outputFileListPaths = (
			);
			outputPaths = (
			);
			runOnlyForDeploymentPostprocessing = 0;
			shellPath = /bin/sh;
			shellScript = "# Go to the build root and search up the chain to find the Derived Data Path where the source packages are checked out.\nDERIVED_DATA_CANDIDATE=\"${BUILD_ROOT}\"\n\nwhile ! [ -d \"${DERIVED_DATA_CANDIDATE}/SourcePackages\" ]; do\n  if [ \"${DERIVED_DATA_CANDIDATE}\" = / ]; then\n    echo >&2 \"error: Unable to locate SourcePackages directory from BUILD_ROOT: '${BUILD_ROOT}'\"\n    exit 1\n  fi\n\n  DERIVED_DATA_CANDIDATE=\"$(dirname \"${DERIVED_DATA_CANDIDATE}\")\"\ndone\n\n# Grab a reference to the directory where scripts are checked out\nSCRIPT_PATH=\"${DERIVED_DATA_CANDIDATE}/SourcePackages/checkouts/apollo-ios/scripts\"\n\nif [ -z \"${SCRIPT_PATH}\" ]; then\n    echo >&2 \"error: Couldn't find the CLI script in your checked out SPM packages; make sure to add the framework to your project.\"\n    exit 1\nfi\n\ncd \"${SRCROOT}/${TARGET_NAME}\"\n\"${SCRIPT_PATH}\"/run-bundled-codegen.sh codegen:generate --target=swift --includes=./**/*.graphql --localSchemaFile=\"schema.json\" API.swift\n#\"${SCRIPT_PATH}\"/run-bundled-codegen.sh schema:download --endpoint=\"https://apollo-fullstack-tutorial.herokuapp.com/\"\n";
		};
/* End PBXShellScriptBuildPhase section */

/* Begin PBXSourcesBuildPhase section */
		3206550624F63B4A00FDAE67 /* Sources */ = {
			isa = PBXSourcesBuildPhase;
			buildActionMask = 2147483647;
			files = (
				3206555724F65BD700FDAE67 /* LoginViewController.swift in Sources */,
				3206550E24F63B4A00FDAE67 /* AppDelegate.swift in Sources */,
				3206551024F63B4A00FDAE67 /* SceneDelegate.swift in Sources */,
				3206554C24F6416100FDAE67 /* Network.swift in Sources */,
				3206551224F63B4A00FDAE67 /* MasterViewController.swift in Sources */,
				3206551424F63B4A00FDAE67 /* DetailViewController.swift in Sources */,
				3206554A24F640E400FDAE67 /* API.swift in Sources */,
			);
			runOnlyForDeploymentPostprocessing = 0;
		};
		3206551E24F63B4B00FDAE67 /* Sources */ = {
			isa = PBXSourcesBuildPhase;
			buildActionMask = 2147483647;
			files = (
				3206552724F63B4B00FDAE67 /* RocketReserverTests.swift in Sources */,
			);
			runOnlyForDeploymentPostprocessing = 0;
		};
		3206552924F63B4B00FDAE67 /* Sources */ = {
			isa = PBXSourcesBuildPhase;
			buildActionMask = 2147483647;
			files = (
				3206553224F63B4B00FDAE67 /* RocketReserverUITests.swift in Sources */,
			);
			runOnlyForDeploymentPostprocessing = 0;
		};
/* End PBXSourcesBuildPhase section */

/* Begin PBXTargetDependency section */
		3206552424F63B4B00FDAE67 /* PBXTargetDependency */ = {
			isa = PBXTargetDependency;
			target = 3206550924F63B4A00FDAE67 /* RocketReserver */;
			targetProxy = 3206552324F63B4B00FDAE67 /* PBXContainerItemProxy */;
		};
		3206552F24F63B4B00FDAE67 /* PBXTargetDependency */ = {
			isa = PBXTargetDependency;
			target = 3206550924F63B4A00FDAE67 /* RocketReserver */;
			targetProxy = 3206552E24F63B4B00FDAE67 /* PBXContainerItemProxy */;
		};
/* End PBXTargetDependency section */

/* Begin PBXVariantGroup section */
		3206551524F63B4A00FDAE67 /* Main.storyboard */ = {
			isa = PBXVariantGroup;
			children = (
				3206551624F63B4A00FDAE67 /* Base */,
			);
			name = Main.storyboard;
			sourceTree = "<group>";
		};
		3206551A24F63B4A00FDAE67 /* LaunchScreen.storyboard */ = {
			isa = PBXVariantGroup;
			children = (
				3206551B24F63B4A00FDAE67 /* Base */,
			);
			name = LaunchScreen.storyboard;
			sourceTree = "<group>";
		};
/* End PBXVariantGroup section */

/* Begin XCBuildConfiguration section */
		3206553424F63B4B00FDAE67 /* Debug */ = {
			isa = XCBuildConfiguration;
			buildSettings = {
				ALWAYS_SEARCH_USER_PATHS = NO;
				CLANG_ANALYZER_NONNULL = YES;
				CLANG_ANALYZER_NUMBER_OBJECT_CONVERSION = YES_AGGRESSIVE;
				CLANG_CXX_LANGUAGE_STANDARD = "gnu++14";
				CLANG_CXX_LIBRARY = "libc++";
				CLANG_ENABLE_MODULES = YES;
				CLANG_ENABLE_OBJC_ARC = YES;
				CLANG_ENABLE_OBJC_WEAK = YES;
				CLANG_WARN_BLOCK_CAPTURE_AUTORELEASING = YES;
				CLANG_WARN_BOOL_CONVERSION = YES;
				CLANG_WARN_COMMA = YES;
				CLANG_WARN_CONSTANT_CONVERSION = YES;
				CLANG_WARN_DEPRECATED_OBJC_IMPLEMENTATIONS = YES;
				CLANG_WARN_DIRECT_OBJC_ISA_USAGE = YES_ERROR;
				CLANG_WARN_DOCUMENTATION_COMMENTS = YES;
				CLANG_WARN_EMPTY_BODY = YES;
				CLANG_WARN_ENUM_CONVERSION = YES;
				CLANG_WARN_INFINITE_RECURSION = YES;
				CLANG_WARN_INT_CONVERSION = YES;
				CLANG_WARN_NON_LITERAL_NULL_CONVERSION = YES;
				CLANG_WARN_OBJC_IMPLICIT_RETAIN_SELF = YES;
				CLANG_WARN_OBJC_LITERAL_CONVERSION = YES;
				CLANG_WARN_OBJC_ROOT_CLASS = YES_ERROR;
				CLANG_WARN_RANGE_LOOP_ANALYSIS = YES;
				CLANG_WARN_STRICT_PROTOTYPES = YES;
				CLANG_WARN_SUSPICIOUS_MOVE = YES;
				CLANG_WARN_UNGUARDED_AVAILABILITY = YES_AGGRESSIVE;
				CLANG_WARN_UNREACHABLE_CODE = YES;
				CLANG_WARN__DUPLICATE_METHOD_MATCH = YES;
				COPY_PHASE_STRIP = NO;
				DEBUG_INFORMATION_FORMAT = dwarf;
				ENABLE_STRICT_OBJC_MSGSEND = YES;
				ENABLE_TESTABILITY = YES;
				GCC_C_LANGUAGE_STANDARD = gnu11;
				GCC_DYNAMIC_NO_PIC = NO;
				GCC_NO_COMMON_BLOCKS = YES;
				GCC_OPTIMIZATION_LEVEL = 0;
				GCC_PREPROCESSOR_DEFINITIONS = (
					"DEBUG=1",
					"$(inherited)",
				);
				GCC_WARN_64_TO_32_BIT_CONVERSION = YES;
				GCC_WARN_ABOUT_RETURN_TYPE = YES_ERROR;
				GCC_WARN_UNDECLARED_SELECTOR = YES;
				GCC_WARN_UNINITIALIZED_AUTOS = YES_AGGRESSIVE;
				GCC_WARN_UNUSED_FUNCTION = YES;
				GCC_WARN_UNUSED_VARIABLE = YES;
				IPHONEOS_DEPLOYMENT_TARGET = 13.6;
				MTL_ENABLE_DEBUG_INFO = INCLUDE_SOURCE;
				MTL_FAST_MATH = YES;
				ONLY_ACTIVE_ARCH = YES;
				SDKROOT = iphoneos;
				SWIFT_ACTIVE_COMPILATION_CONDITIONS = DEBUG;
				SWIFT_OPTIMIZATION_LEVEL = "-Onone";
			};
			name = Debug;
		};
		3206553524F63B4B00FDAE67 /* Release */ = {
			isa = XCBuildConfiguration;
			buildSettings = {
				ALWAYS_SEARCH_USER_PATHS = NO;
				CLANG_ANALYZER_NONNULL = YES;
				CLANG_ANALYZER_NUMBER_OBJECT_CONVERSION = YES_AGGRESSIVE;
				CLANG_CXX_LANGUAGE_STANDARD = "gnu++14";
				CLANG_CXX_LIBRARY = "libc++";
				CLANG_ENABLE_MODULES = YES;
				CLANG_ENABLE_OBJC_ARC = YES;
				CLANG_ENABLE_OBJC_WEAK = YES;
				CLANG_WARN_BLOCK_CAPTURE_AUTORELEASING = YES;
				CLANG_WARN_BOOL_CONVERSION = YES;
				CLANG_WARN_COMMA = YES;
				CLANG_WARN_CONSTANT_CONVERSION = YES;
				CLANG_WARN_DEPRECATED_OBJC_IMPLEMENTATIONS = YES;
				CLANG_WARN_DIRECT_OBJC_ISA_USAGE = YES_ERROR;
				CLANG_WARN_DOCUMENTATION_COMMENTS = YES;
				CLANG_WARN_EMPTY_BODY = YES;
				CLANG_WARN_ENUM_CONVERSION = YES;
				CLANG_WARN_INFINITE_RECURSION = YES;
				CLANG_WARN_INT_CONVERSION = YES;
				CLANG_WARN_NON_LITERAL_NULL_CONVERSION = YES;
				CLANG_WARN_OBJC_IMPLICIT_RETAIN_SELF = YES;
				CLANG_WARN_OBJC_LITERAL_CONVERSION = YES;
				CLANG_WARN_OBJC_ROOT_CLASS = YES_ERROR;
				CLANG_WARN_RANGE_LOOP_ANALYSIS = YES;
				CLANG_WARN_STRICT_PROTOTYPES = YES;
				CLANG_WARN_SUSPICIOUS_MOVE = YES;
				CLANG_WARN_UNGUARDED_AVAILABILITY = YES_AGGRESSIVE;
				CLANG_WARN_UNREACHABLE_CODE = YES;
				CLANG_WARN__DUPLICATE_METHOD_MATCH = YES;
				COPY_PHASE_STRIP = NO;
				DEBUG_INFORMATION_FORMAT = "dwarf-with-dsym";
				ENABLE_NS_ASSERTIONS = NO;
				ENABLE_STRICT_OBJC_MSGSEND = YES;
				GCC_C_LANGUAGE_STANDARD = gnu11;
				GCC_NO_COMMON_BLOCKS = YES;
				GCC_WARN_64_TO_32_BIT_CONVERSION = YES;
				GCC_WARN_ABOUT_RETURN_TYPE = YES_ERROR;
				GCC_WARN_UNDECLARED_SELECTOR = YES;
				GCC_WARN_UNINITIALIZED_AUTOS = YES_AGGRESSIVE;
				GCC_WARN_UNUSED_FUNCTION = YES;
				GCC_WARN_UNUSED_VARIABLE = YES;
				IPHONEOS_DEPLOYMENT_TARGET = 13.6;
				MTL_ENABLE_DEBUG_INFO = NO;
				MTL_FAST_MATH = YES;
				SDKROOT = iphoneos;
				SWIFT_COMPILATION_MODE = wholemodule;
				SWIFT_OPTIMIZATION_LEVEL = "-O";
				VALIDATE_PRODUCT = YES;
			};
			name = Release;
		};
		3206553724F63B4B00FDAE67 /* Debug */ = {
			isa = XCBuildConfiguration;
			buildSettings = {
				ASSETCATALOG_COMPILER_APPICON_NAME = AppIcon;
				CODE_SIGN_STYLE = Automatic;
				INFOPLIST_FILE = RocketReserver/Info.plist;
				LD_RUNPATH_SEARCH_PATHS = (
					"$(inherited)",
					"@executable_path/Frameworks",
				);
				PRODUCT_BUNDLE_IDENTIFIER = RocketReserver.RocketReserver;
				PRODUCT_NAME = "$(TARGET_NAME)";
				SWIFT_VERSION = 5.0;
				TARGETED_DEVICE_FAMILY = "1,2";
			};
			name = Debug;
		};
		3206553824F63B4B00FDAE67 /* Release */ = {
			isa = XCBuildConfiguration;
			buildSettings = {
				ASSETCATALOG_COMPILER_APPICON_NAME = AppIcon;
				CODE_SIGN_STYLE = Automatic;
				INFOPLIST_FILE = RocketReserver/Info.plist;
				LD_RUNPATH_SEARCH_PATHS = (
					"$(inherited)",
					"@executable_path/Frameworks",
				);
				PRODUCT_BUNDLE_IDENTIFIER = RocketReserver.RocketReserver;
				PRODUCT_NAME = "$(TARGET_NAME)";
				SWIFT_VERSION = 5.0;
				TARGETED_DEVICE_FAMILY = "1,2";
			};
			name = Release;
		};
		3206553A24F63B4B00FDAE67 /* Debug */ = {
			isa = XCBuildConfiguration;
			buildSettings = {
				ALWAYS_EMBED_SWIFT_STANDARD_LIBRARIES = YES;
				BUNDLE_LOADER = "$(TEST_HOST)";
				CODE_SIGN_STYLE = Automatic;
				INFOPLIST_FILE = RocketReserverTests/Info.plist;
				IPHONEOS_DEPLOYMENT_TARGET = 13.6;
				LD_RUNPATH_SEARCH_PATHS = (
					"$(inherited)",
					"@executable_path/Frameworks",
					"@loader_path/Frameworks",
				);
				PRODUCT_BUNDLE_IDENTIFIER = RocketReserver.RocketReserverTests;
				PRODUCT_NAME = "$(TARGET_NAME)";
				SWIFT_VERSION = 5.0;
				TARGETED_DEVICE_FAMILY = "1,2";
				TEST_HOST = "$(BUILT_PRODUCTS_DIR)/RocketReserver.app/RocketReserver";
			};
			name = Debug;
		};
		3206553B24F63B4B00FDAE67 /* Release */ = {
			isa = XCBuildConfiguration;
			buildSettings = {
				ALWAYS_EMBED_SWIFT_STANDARD_LIBRARIES = YES;
				BUNDLE_LOADER = "$(TEST_HOST)";
				CODE_SIGN_STYLE = Automatic;
				INFOPLIST_FILE = RocketReserverTests/Info.plist;
				IPHONEOS_DEPLOYMENT_TARGET = 13.6;
				LD_RUNPATH_SEARCH_PATHS = (
					"$(inherited)",
					"@executable_path/Frameworks",
					"@loader_path/Frameworks",
				);
				PRODUCT_BUNDLE_IDENTIFIER = RocketReserver.RocketReserverTests;
				PRODUCT_NAME = "$(TARGET_NAME)";
				SWIFT_VERSION = 5.0;
				TARGETED_DEVICE_FAMILY = "1,2";
				TEST_HOST = "$(BUILT_PRODUCTS_DIR)/RocketReserver.app/RocketReserver";
			};
			name = Release;
		};
		3206553D24F63B4B00FDAE67 /* Debug */ = {
			isa = XCBuildConfiguration;
			buildSettings = {
				ALWAYS_EMBED_SWIFT_STANDARD_LIBRARIES = YES;
				CODE_SIGN_STYLE = Automatic;
				INFOPLIST_FILE = RocketReserverUITests/Info.plist;
				LD_RUNPATH_SEARCH_PATHS = (
					"$(inherited)",
					"@executable_path/Frameworks",
					"@loader_path/Frameworks",
				);
				PRODUCT_BUNDLE_IDENTIFIER = RocketReserver.RocketReserverUITests;
				PRODUCT_NAME = "$(TARGET_NAME)";
				SWIFT_VERSION = 5.0;
				TARGETED_DEVICE_FAMILY = "1,2";
				TEST_TARGET_NAME = RocketReserver;
			};
			name = Debug;
		};
		3206553E24F63B4B00FDAE67 /* Release */ = {
			isa = XCBuildConfiguration;
			buildSettings = {
				ALWAYS_EMBED_SWIFT_STANDARD_LIBRARIES = YES;
				CODE_SIGN_STYLE = Automatic;
				INFOPLIST_FILE = RocketReserverUITests/Info.plist;
				LD_RUNPATH_SEARCH_PATHS = (
					"$(inherited)",
					"@executable_path/Frameworks",
					"@loader_path/Frameworks",
				);
				PRODUCT_BUNDLE_IDENTIFIER = RocketReserver.RocketReserverUITests;
				PRODUCT_NAME = "$(TARGET_NAME)";
				SWIFT_VERSION = 5.0;
				TARGETED_DEVICE_FAMILY = "1,2";
				TEST_TARGET_NAME = RocketReserver;
			};
			name = Release;
		};
/* End XCBuildConfiguration section */

/* Begin XCConfigurationList section */
		3206550524F63B4A00FDAE67 /* Build configuration list for PBXProject "RocketReserver" */ = {
			isa = XCConfigurationList;
			buildConfigurations = (
				3206553424F63B4B00FDAE67 /* Debug */,
				3206553524F63B4B00FDAE67 /* Release */,
			);
			defaultConfigurationIsVisible = 0;
			defaultConfigurationName = Release;
		};
		3206553624F63B4B00FDAE67 /* Build configuration list for PBXNativeTarget "RocketReserver" */ = {
			isa = XCConfigurationList;
			buildConfigurations = (
				3206553724F63B4B00FDAE67 /* Debug */,
				3206553824F63B4B00FDAE67 /* Release */,
			);
			defaultConfigurationIsVisible = 0;
			defaultConfigurationName = Release;
		};
		3206553924F63B4B00FDAE67 /* Build configuration list for PBXNativeTarget "RocketReserverTests" */ = {
			isa = XCConfigurationList;
			buildConfigurations = (
				3206553A24F63B4B00FDAE67 /* Debug */,
				3206553B24F63B4B00FDAE67 /* Release */,
			);
			defaultConfigurationIsVisible = 0;
			defaultConfigurationName = Release;
		};
		3206553C24F63B4B00FDAE67 /* Build configuration list for PBXNativeTarget "RocketReserverUITests" */ = {
			isa = XCConfigurationList;
			buildConfigurations = (
				3206553D24F63B4B00FDAE67 /* Debug */,
				3206553E24F63B4B00FDAE67 /* Release */,
			);
			defaultConfigurationIsVisible = 0;
			defaultConfigurationName = Release;
		};
/* End XCConfigurationList section */

/* Begin XCRemoteSwiftPackageReference section */
		3206553F24F63BFA00FDAE67 /* XCRemoteSwiftPackageReference "apollo-ios" */ = {
			isa = XCRemoteSwiftPackageReference;
			repositoryURL = "https://github.com/apollographql/apollo-ios.git";
			requirement = {
				kind = upToNextMinorVersion;
				minimumVersion = 0.31.0;
			};
		};
		3206554D24F6467A00FDAE67 /* XCRemoteSwiftPackageReference "SDWebImage" */ = {
			isa = XCRemoteSwiftPackageReference;
			repositoryURL = "https://github.com/SDWebImage/SDWebImage.git";
			requirement = {
				kind = upToNextMajorVersion;
				minimumVersion = 5.8.4;
			};
		};
		3206555124F65AE800FDAE67 /* XCRemoteSwiftPackageReference "keychain-swift" */ = {
			isa = XCRemoteSwiftPackageReference;
			repositoryURL = "https://github.com/evgenyneu/keychain-swift";
			requirement = {
				kind = upToNextMajorVersion;
				minimumVersion = 19.0.0;
			};
		};
/* End XCRemoteSwiftPackageReference section */

/* Begin XCSwiftPackageProductDependency section */
		3206554024F63BFA00FDAE67 /* Apollo */ = {
			isa = XCSwiftPackageProductDependency;
			package = 3206553F24F63BFA00FDAE67 /* XCRemoteSwiftPackageReference "apollo-ios" */;
			productName = Apollo;
		};
		3206554224F63BFA00FDAE67 /* ApolloWebSocket */ = {
			isa = XCSwiftPackageProductDependency;
			package = 3206553F24F63BFA00FDAE67 /* XCRemoteSwiftPackageReference "apollo-ios" */;
			productName = ApolloWebSocket;
		};
		3206554E24F6467A00FDAE67 /* SDWebImage */ = {
			isa = XCSwiftPackageProductDependency;
			package = 3206554D24F6467A00FDAE67 /* XCRemoteSwiftPackageReference "SDWebImage" */;
			productName = SDWebImage;
		};
		3206555224F65AE800FDAE67 /* KeychainSwift */ = {
			isa = XCSwiftPackageProductDependency;
			package = 3206555124F65AE800FDAE67 /* XCRemoteSwiftPackageReference "keychain-swift" */;
			productName = KeychainSwift;
		};
/* End XCSwiftPackageProductDependency section */
	};
	rootObject = 3206550224F63B4A00FDAE67 /* Project object */;
}
